// !$*UTF8*$!
{
	archiveVersion = 1;
	classes = {
	};
	objectVersion = 50;
	objects = {

/* Begin PBXBuildFile section */
		367FED2621FE411A00DA026A /* API.swift in Sources */ = {isa = PBXBuildFile; fileRef = 367FED2521FE411A00DA026A /* API.swift */; };
		367FED2821FE419900DA026A /* awsconfiguration.json in Resources */ = {isa = PBXBuildFile; fileRef = 367FED2721FE419900DA026A /* awsconfiguration.json */; };
		367FED2A21FE4B5100DA026A /* RootLandingPageViewController.swift in Sources */ = {isa = PBXBuildFile; fileRef = 367FED2921FE4B5100DA026A /* RootLandingPageViewController.swift */; };
		367FED2D21FE99C800DA026A /* UserManager.swift in Sources */ = {isa = PBXBuildFile; fileRef = 367FED2C21FE99C800DA026A /* UserManager.swift */; };
		367FED2F22000A3E00DA026A /* CurrentUser.swift in Sources */ = {isa = PBXBuildFile; fileRef = 367FED2E22000A3E00DA026A /* CurrentUser.swift */; };
		36EF8A8421F665D60000F473 /* AppDelegate.swift in Sources */ = {isa = PBXBuildFile; fileRef = 36EF8A8321F665D60000F473 /* AppDelegate.swift */; };
		36EF8A8621F665D60000F473 /* BaseViewController.swift in Sources */ = {isa = PBXBuildFile; fileRef = 36EF8A8521F665D60000F473 /* BaseViewController.swift */; };
		36EF8A8921F665D60000F473 /* Main.storyboard in Resources */ = {isa = PBXBuildFile; fileRef = 36EF8A8721F665D60000F473 /* Main.storyboard */; };
		36EF8A8B21F665DD0000F473 /* Assets.xcassets in Resources */ = {isa = PBXBuildFile; fileRef = 36EF8A8A21F665DD0000F473 /* Assets.xcassets */; };
		36EF8A8E21F665DD0000F473 /* LaunchScreen.storyboard in Resources */ = {isa = PBXBuildFile; fileRef = 36EF8A8C21F665DD0000F473 /* LaunchScreen.storyboard */; };
		DE61034A6E3F271115E625D9 /* Pods_DCDawgs.framework in Frameworks */ = {isa = PBXBuildFile; fileRef = 67623D3CBCEC3E8D15BF45C4 /* Pods_DCDawgs.framework */; };
/* End PBXBuildFile section */

/* Begin PBXFileReference section */
		06276BCDA4FD120D09C6AE9A /* Pods-DCDawgs.debug.xcconfig */ = {isa = PBXFileReference; includeInIndex = 1; lastKnownFileType = text.xcconfig; name = "Pods-DCDawgs.debug.xcconfig"; path = "Pods/Target Support Files/Pods-DCDawgs/Pods-DCDawgs.debug.xcconfig"; sourceTree = "<group>"; };
		367FED2521FE411A00DA026A /* API.swift */ = {isa = PBXFileReference; fileEncoding = 4; lastKnownFileType = sourcecode.swift; path = API.swift; sourceTree = SOURCE_ROOT; };
		367FED2721FE419900DA026A /* awsconfiguration.json */ = {isa = PBXFileReference; fileEncoding = 4; lastKnownFileType = text.json; path = awsconfiguration.json; sourceTree = SOURCE_ROOT; };
		367FED2921FE4B5100DA026A /* RootLandingPageViewController.swift */ = {isa = PBXFileReference; lastKnownFileType = sourcecode.swift; path = RootLandingPageViewController.swift; sourceTree = "<group>"; };
		367FED2C21FE99C800DA026A /* UserManager.swift */ = {isa = PBXFileReference; lastKnownFileType = sourcecode.swift; path = UserManager.swift; sourceTree = "<group>"; };
		367FED2E22000A3E00DA026A /* CurrentUser.swift */ = {isa = PBXFileReference; lastKnownFileType = sourcecode.swift; path = CurrentUser.swift; sourceTree = "<group>"; };
		36EF8A8021F665D60000F473 /* DCDawgs.app */ = {isa = PBXFileReference; explicitFileType = wrapper.application; includeInIndex = 0; path = DCDawgs.app; sourceTree = BUILT_PRODUCTS_DIR; };
		36EF8A8321F665D60000F473 /* AppDelegate.swift */ = {isa = PBXFileReference; lastKnownFileType = sourcecode.swift; path = AppDelegate.swift; sourceTree = "<group>"; };
		36EF8A8521F665D60000F473 /* BaseViewController.swift */ = {isa = PBXFileReference; lastKnownFileType = sourcecode.swift; path = BaseViewController.swift; sourceTree = "<group>"; };
		36EF8A8821F665D60000F473 /* Base */ = {isa = PBXFileReference; lastKnownFileType = file.storyboard; name = Base; path = Base.lproj/Main.storyboard; sourceTree = "<group>"; };
		36EF8A8A21F665DD0000F473 /* Assets.xcassets */ = {isa = PBXFileReference; lastKnownFileType = folder.assetcatalog; path = Assets.xcassets; sourceTree = "<group>"; };
		36EF8A8D21F665DD0000F473 /* Base */ = {isa = PBXFileReference; lastKnownFileType = file.storyboard; name = Base; path = Base.lproj/LaunchScreen.storyboard; sourceTree = "<group>"; };
		36EF8A8F21F665DD0000F473 /* Info.plist */ = {isa = PBXFileReference; lastKnownFileType = text.plist.xml; path = Info.plist; sourceTree = "<group>"; };
		3B8437C6912CEA84EEA319AA /* Pods-DCDawgs.release.xcconfig */ = {isa = PBXFileReference; includeInIndex = 1; lastKnownFileType = text.xcconfig; name = "Pods-DCDawgs.release.xcconfig"; path = "Pods/Target Support Files/Pods-DCDawgs/Pods-DCDawgs.release.xcconfig"; sourceTree = "<group>"; };
		67623D3CBCEC3E8D15BF45C4 /* Pods_DCDawgs.framework */ = {isa = PBXFileReference; explicitFileType = wrapper.framework; includeInIndex = 0; path = Pods_DCDawgs.framework; sourceTree = BUILT_PRODUCTS_DIR; };
/* End PBXFileReference section */

/* Begin PBXFrameworksBuildPhase section */
		36EF8A7D21F665D60000F473 /* Frameworks */ = {
			isa = PBXFrameworksBuildPhase;
			buildActionMask = 2147483647;
			files = (
				DE61034A6E3F271115E625D9 /* Pods_DCDawgs.framework in Frameworks */,
			);
			runOnlyForDeploymentPostprocessing = 0;
		};
/* End PBXFrameworksBuildPhase section */

/* Begin PBXGroup section */
		367FED1E21FAB7B700DA026A /* APIClient */ = {
			isa = PBXGroup;
			children = (
				367FED2721FE419900DA026A /* awsconfiguration.json */,
				367FED2521FE411A00DA026A /* API.swift */,
			);
			path = APIClient;
			sourceTree = "<group>";
		};
		367FED1F21FAB7E300DA026A /* ViewControllers */ = {
			isa = PBXGroup;
			children = (
				36EF8A8521F665D60000F473 /* BaseViewController.swift */,
				367FED2921FE4B5100DA026A /* RootLandingPageViewController.swift */,
			);
			path = ViewControllers;
			sourceTree = "<group>";
		};
		367FED2021FAB80300DA026A /* Extensions */ = {
			isa = PBXGroup;
			children = (
			);
			path = Extensions;
			sourceTree = "<group>";
		};
		367FED2B21FE999F00DA026A /* Model */ = {
			isa = PBXGroup;
			children = (
				367FED2C21FE99C800DA026A /* UserManager.swift */,
				367FED2E22000A3E00DA026A /* CurrentUser.swift */,
			);
			path = Model;
			sourceTree = "<group>";
		};
		36EF8A7721F665D60000F473 = {
			isa = PBXGroup;
			children = (
				36EF8A8221F665D60000F473 /* DCDawgs */,
				36EF8A8121F665D60000F473 /* Products */,
				83239FFADA27AA9584CE7FEB /* Pods */,
				6BA5D59961FBB8490995502D /* Frameworks */,
			);
			sourceTree = "<group>";
		};
		36EF8A8121F665D60000F473 /* Products */ = {
			isa = PBXGroup;
			children = (
				36EF8A8021F665D60000F473 /* DCDawgs.app */,
			);
			name = Products;
			sourceTree = "<group>";
		};
		36EF8A8221F665D60000F473 /* DCDawgs */ = {
			isa = PBXGroup;
			children = (
				36EF8A8321F665D60000F473 /* AppDelegate.swift */,
				367FED1E21FAB7B700DA026A /* APIClient */,
				367FED1F21FAB7E300DA026A /* ViewControllers */,
				367FED2B21FE999F00DA026A /* Model */,
				367FED2021FAB80300DA026A /* Extensions */,
				36EF8A8721F665D60000F473 /* Main.storyboard */,
				36EF8A8A21F665DD0000F473 /* Assets.xcassets */,
				36EF8A8C21F665DD0000F473 /* LaunchScreen.storyboard */,
				36EF8A8F21F665DD0000F473 /* Info.plist */,
			);
			path = DCDawgs;
			sourceTree = "<group>";
		};
		6BA5D59961FBB8490995502D /* Frameworks */ = {
			isa = PBXGroup;
			children = (
				67623D3CBCEC3E8D15BF45C4 /* Pods_DCDawgs.framework */,
			);
			name = Frameworks;
			sourceTree = "<group>";
		};
		83239FFADA27AA9584CE7FEB /* Pods */ = {
			isa = PBXGroup;
			children = (
				06276BCDA4FD120D09C6AE9A /* Pods-DCDawgs.debug.xcconfig */,
				3B8437C6912CEA84EEA319AA /* Pods-DCDawgs.release.xcconfig */,
			);
			name = Pods;
			sourceTree = "<group>";
		};
/* End PBXGroup section */

/* Begin PBXNativeTarget section */
		36EF8A7F21F665D60000F473 /* DCDawgs */ = {
			isa = PBXNativeTarget;
			buildConfigurationList = 36EF8A9221F665DD0000F473 /* Build configuration list for PBXNativeTarget "DCDawgs" */;
			buildPhases = (
				7949C0F8AABFE352EB600B14 /* [CP] Check Pods Manifest.lock */,
				36EF8A7C21F665D60000F473 /* Sources */,
				36EF8A7D21F665D60000F473 /* Frameworks */,
				36EF8A7E21F665D60000F473 /* Resources */,
				C0746560805063EA2CAB054B /* [CP] Embed Pods Frameworks */,
			);
			buildRules = (
			);
			dependencies = (
			);
			name = DCDawgs;
			productName = DCDawgs;
			productReference = 36EF8A8021F665D60000F473 /* DCDawgs.app */;
			productType = "com.apple.product-type.application";
		};
/* End PBXNativeTarget section */

/* Begin PBXProject section */
		36EF8A7821F665D60000F473 /* Project object */ = {
			isa = PBXProject;
			attributes = {
				LastSwiftUpdateCheck = 1010;
				LastUpgradeCheck = 1010;
				ORGANIZATIONNAME = "Isaac Benham";
				TargetAttributes = {
					36EF8A7F21F665D60000F473 = {
						CreatedOnToolsVersion = 10.1;
					};
				};
			};
			buildConfigurationList = 36EF8A7B21F665D60000F473 /* Build configuration list for PBXProject "DCDawgs" */;
			compatibilityVersion = "Xcode 9.3";
			developmentRegion = en;
			hasScannedForEncodings = 0;
			knownRegions = (
				en,
				Base,
			);
			mainGroup = 36EF8A7721F665D60000F473;
			productRefGroup = 36EF8A8121F665D60000F473 /* Products */;
			projectDirPath = "";
			projectRoot = "";
			targets = (
				36EF8A7F21F665D60000F473 /* DCDawgs */,
			);
		};
/* End PBXProject section */

/* Begin PBXResourcesBuildPhase section */
		36EF8A7E21F665D60000F473 /* Resources */ = {
			isa = PBXResourcesBuildPhase;
			buildActionMask = 2147483647;
			files = (
				367FED2821FE419900DA026A /* awsconfiguration.json in Resources */,
				36EF8A8E21F665DD0000F473 /* LaunchScreen.storyboard in Resources */,
				36EF8A8B21F665DD0000F473 /* Assets.xcassets in Resources */,
				36EF8A8921F665D60000F473 /* Main.storyboard in Resources */,
			);
			runOnlyForDeploymentPostprocessing = 0;
		};
/* End PBXResourcesBuildPhase section */

/* Begin PBXShellScriptBuildPhase section */
		7949C0F8AABFE352EB600B14 /* [CP] Check Pods Manifest.lock */ = {
			isa = PBXShellScriptBuildPhase;
			buildActionMask = 2147483647;
			files = (
			);
			inputPaths = (
				"${PODS_PODFILE_DIR_PATH}/Podfile.lock",
				"${PODS_ROOT}/Manifest.lock",
			);
			name = "[CP] Check Pods Manifest.lock";
			outputPaths = (
				"$(DERIVED_FILE_DIR)/Pods-DCDawgs-checkManifestLockResult.txt",
			);
			runOnlyForDeploymentPostprocessing = 0;
			shellPath = /bin/sh;
			shellScript = "diff \"${PODS_PODFILE_DIR_PATH}/Podfile.lock\" \"${PODS_ROOT}/Manifest.lock\" > /dev/null\nif [ $? != 0 ] ; then\n    # print error to STDERR\n    echo \"error: The sandbox is not in sync with the Podfile.lock. Run 'pod install' or update your CocoaPods installation.\" >&2\n    exit 1\nfi\n# This output is used by Xcode 'outputs' to avoid re-running this script phase.\necho \"SUCCESS\" > \"${SCRIPT_OUTPUT_FILE_0}\"\n";
			showEnvVarsInLog = 0;
		};
		C0746560805063EA2CAB054B /* [CP] Embed Pods Frameworks */ = {
			isa = PBXShellScriptBuildPhase;
			buildActionMask = 2147483647;
			files = (
			);
			inputPaths = (
				"${SRCROOT}/Pods/Target Support Files/Pods-DCDawgs/Pods-DCDawgs-frameworks.sh",
				"${BUILT_PRODUCTS_DIR}/AWSAppSync/AWSAppSync.framework",
				"${BUILT_PRODUCTS_DIR}/AWSAuthCore/AWSAuthCore.framework",
				"${BUILT_PRODUCTS_DIR}/AWSAuthUI/AWSAuthUI.framework",
				"${BUILT_PRODUCTS_DIR}/AWSCognitoIdentityProvider/AWSCognitoIdentityProvider.framework",
				"${BUILT_PRODUCTS_DIR}/AWSCognitoIdentityProviderASF/AWSCognitoIdentityProviderASF.framework",
				"${BUILT_PRODUCTS_DIR}/AWSCore/AWSCore.framework",
				"${BUILT_PRODUCTS_DIR}/AWSMobileClient/AWSMobileClient.framework",
				"${BUILT_PRODUCTS_DIR}/AWSUserPoolsSignIn/AWSUserPoolsSignIn.framework",
				"${BUILT_PRODUCTS_DIR}/ReachabilitySwift/Reachability.framework",
				"${BUILT_PRODUCTS_DIR}/SQLite.swift/SQLite.framework",
			);
			name = "[CP] Embed Pods Frameworks";
			outputPaths = (
				"${TARGET_BUILD_DIR}/${FRAMEWORKS_FOLDER_PATH}/AWSAppSync.framework",
				"${TARGET_BUILD_DIR}/${FRAMEWORKS_FOLDER_PATH}/AWSAuthCore.framework",
				"${TARGET_BUILD_DIR}/${FRAMEWORKS_FOLDER_PATH}/AWSAuthUI.framework",
				"${TARGET_BUILD_DIR}/${FRAMEWORKS_FOLDER_PATH}/AWSCognitoIdentityProvider.framework",
				"${TARGET_BUILD_DIR}/${FRAMEWORKS_FOLDER_PATH}/AWSCognitoIdentityProviderASF.framework",
				"${TARGET_BUILD_DIR}/${FRAMEWORKS_FOLDER_PATH}/AWSCore.framework",
				"${TARGET_BUILD_DIR}/${FRAMEWORKS_FOLDER_PATH}/AWSMobileClient.framework",
				"${TARGET_BUILD_DIR}/${FRAMEWORKS_FOLDER_PATH}/AWSUserPoolsSignIn.framework",
				"${TARGET_BUILD_DIR}/${FRAMEWORKS_FOLDER_PATH}/Reachability.framework",
				"${TARGET_BUILD_DIR}/${FRAMEWORKS_FOLDER_PATH}/SQLite.framework",
			);
			runOnlyForDeploymentPostprocessing = 0;
			shellPath = /bin/sh;
			shellScript = "\"${SRCROOT}/Pods/Target Support Files/Pods-DCDawgs/Pods-DCDawgs-frameworks.sh\"\n";
			showEnvVarsInLog = 0;
		};
/* End PBXShellScriptBuildPhase section */

/* Begin PBXSourcesBuildPhase section */
		36EF8A7C21F665D60000F473 /* Sources */ = {
			isa = PBXSourcesBuildPhase;
			buildActionMask = 2147483647;
			files = (
				36EF8A8621F665D60000F473 /* BaseViewController.swift in Sources */,
				367FED2621FE411A00DA026A /* API.swift in Sources */,
				36EF8A8421F665D60000F473 /* AppDelegate.swift in Sources */,
				367FED2D21FE99C800DA026A /* UserManager.swift in Sources */,
				367FED2F22000A3E00DA026A /* CurrentUser.swift in Sources */,
				367FED2A21FE4B5100DA026A /* RootLandingPageViewController.swift in Sources */,
			);
			runOnlyForDeploymentPostprocessing = 0;
		};
/* End PBXSourcesBuildPhase section */

/* Begin PBXVariantGroup section */
		36EF8A8721F665D60000F473 /* Main.storyboard */ = {
			isa = PBXVariantGroup;
			children = (
				36EF8A8821F665D60000F473 /* Base */,
			);
			name = Main.storyboard;
			sourceTree = "<group>";
		};
		36EF8A8C21F665DD0000F473 /* LaunchScreen.storyboard */ = {
			isa = PBXVariantGroup;
			children = (
				36EF8A8D21F665DD0000F473 /* Base */,
			);
			name = LaunchScreen.storyboard;
			sourceTree = "<group>";
		};
/* End PBXVariantGroup section */

/* Begin XCBuildConfiguration section */
		36EF8A9021F665DD0000F473 /* Debug */ = {
			isa = XCBuildConfiguration;
			buildSettings = {
				ALWAYS_SEARCH_USER_PATHS = NO;
				CLANG_ANALYZER_NONNULL = YES;
				CLANG_ANALYZER_NUMBER_OBJECT_CONVERSION = YES_AGGRESSIVE;
				CLANG_CXX_LANGUAGE_STANDARD = "gnu++14";
				CLANG_CXX_LIBRARY = "libc++";
				CLANG_ENABLE_MODULES = YES;
				CLANG_ENABLE_OBJC_ARC = YES;
				CLANG_ENABLE_OBJC_WEAK = YES;
				CLANG_WARN_BLOCK_CAPTURE_AUTORELEASING = YES;
				CLANG_WARN_BOOL_CONVERSION = YES;
				CLANG_WARN_COMMA = YES;
				CLANG_WARN_CONSTANT_CONVERSION = YES;
				CLANG_WARN_DEPRECATED_OBJC_IMPLEMENTATIONS = YES;
				CLANG_WARN_DIRECT_OBJC_ISA_USAGE = YES_ERROR;
				CLANG_WARN_DOCUMENTATION_COMMENTS = YES;
				CLANG_WARN_EMPTY_BODY = YES;
				CLANG_WARN_ENUM_CONVERSION = YES;
				CLANG_WARN_INFINITE_RECURSION = YES;
				CLANG_WARN_INT_CONVERSION = YES;
				CLANG_WARN_NON_LITERAL_NULL_CONVERSION = YES;
				CLANG_WARN_OBJC_IMPLICIT_RETAIN_SELF = YES;
				CLANG_WARN_OBJC_LITERAL_CONVERSION = YES;
				CLANG_WARN_OBJC_ROOT_CLASS = YES_ERROR;
				CLANG_WARN_RANGE_LOOP_ANALYSIS = YES;
				CLANG_WARN_STRICT_PROTOTYPES = YES;
				CLANG_WARN_SUSPICIOUS_MOVE = YES;
				CLANG_WARN_UNGUARDED_AVAILABILITY = YES_AGGRESSIVE;
				CLANG_WARN_UNREACHABLE_CODE = YES;
				CLANG_WARN__DUPLICATE_METHOD_MATCH = YES;
				CODE_SIGN_IDENTITY = "iPhone Developer";
				COPY_PHASE_STRIP = NO;
				DEBUG_INFORMATION_FORMAT = dwarf;
				ENABLE_STRICT_OBJC_MSGSEND = YES;
				ENABLE_TESTABILITY = YES;
				GCC_C_LANGUAGE_STANDARD = gnu11;
				GCC_DYNAMIC_NO_PIC = NO;
				GCC_NO_COMMON_BLOCKS = YES;
				GCC_OPTIMIZATION_LEVEL = 0;
				GCC_PREPROCESSOR_DEFINITIONS = (
					"DEBUG=1",
					"$(inherited)",
				);
				GCC_WARN_64_TO_32_BIT_CONVERSION = YES;
				GCC_WARN_ABOUT_RETURN_TYPE = YES_ERROR;
				GCC_WARN_UNDECLARED_SELECTOR = YES;
				GCC_WARN_UNINITIALIZED_AUTOS = YES_AGGRESSIVE;
				GCC_WARN_UNUSED_FUNCTION = YES;
				GCC_WARN_UNUSED_VARIABLE = YES;
				IPHONEOS_DEPLOYMENT_TARGET = 12.1;
				MTL_ENABLE_DEBUG_INFO = INCLUDE_SOURCE;
				MTL_FAST_MATH = YES;
				ONLY_ACTIVE_ARCH = YES;
				SDKROOT = iphoneos;
				SWIFT_ACTIVE_COMPILATION_CONDITIONS = DEBUG;
				SWIFT_OPTIMIZATION_LEVEL = "-Onone";
			};
			name = Debug;
		};
		36EF8A9121F665DD0000F473 /* Release */ = {
			isa = XCBuildConfiguration;
			buildSettings = {
				ALWAYS_SEARCH_USER_PATHS = NO;
				CLANG_ANALYZER_NONNULL = YES;
				CLANG_ANALYZER_NUMBER_OBJECT_CONVERSION = YES_AGGRESSIVE;
				CLANG_CXX_LANGUAGE_STANDARD = "gnu++14";
				CLANG_CXX_LIBRARY = "libc++";
				CLANG_ENABLE_MODULES = YES;
				CLANG_ENABLE_OBJC_ARC = YES;
				CLANG_ENABLE_OBJC_WEAK = YES;
				CLANG_WARN_BLOCK_CAPTURE_AUTORELEASING = YES;
				CLANG_WARN_BOOL_CONVERSION = YES;
				CLANG_WARN_COMMA = YES;
				CLANG_WARN_CONSTANT_CONVERSION = YES;
				CLANG_WARN_DEPRECATED_OBJC_IMPLEMENTATIONS = YES;
				CLANG_WARN_DIRECT_OBJC_ISA_USAGE = YES_ERROR;
				CLANG_WARN_DOCUMENTATION_COMMENTS = YES;
				CLANG_WARN_EMPTY_BODY = YES;
				CLANG_WARN_ENUM_CONVERSION = YES;
				CLANG_WARN_INFINITE_RECURSION = YES;
				CLANG_WARN_INT_CONVERSION = YES;
				CLANG_WARN_NON_LITERAL_NULL_CONVERSION = YES;
				CLANG_WARN_OBJC_IMPLICIT_RETAIN_SELF = YES;
				CLANG_WARN_OBJC_LITERAL_CONVERSION = YES;
				CLANG_WARN_OBJC_ROOT_CLASS = YES_ERROR;
				CLANG_WARN_RANGE_LOOP_ANALYSIS = YES;
				CLANG_WARN_STRICT_PROTOTYPES = YES;
				CLANG_WARN_SUSPICIOUS_MOVE = YES;
				CLANG_WARN_UNGUARDED_AVAILABILITY = YES_AGGRESSIVE;
				CLANG_WARN_UNREACHABLE_CODE = YES;
				CLANG_WARN__DUPLICATE_METHOD_MATCH = YES;
				CODE_SIGN_IDENTITY = "iPhone Developer";
				COPY_PHASE_STRIP = NO;
				DEBUG_INFORMATION_FORMAT = "dwarf-with-dsym";
				ENABLE_NS_ASSERTIONS = NO;
				ENABLE_STRICT_OBJC_MSGSEND = YES;
				GCC_C_LANGUAGE_STANDARD = gnu11;
				GCC_NO_COMMON_BLOCKS = YES;
				GCC_WARN_64_TO_32_BIT_CONVERSION = YES;
				GCC_WARN_ABOUT_RETURN_TYPE = YES_ERROR;
				GCC_WARN_UNDECLARED_SELECTOR = YES;
				GCC_WARN_UNINITIALIZED_AUTOS = YES_AGGRESSIVE;
				GCC_WARN_UNUSED_FUNCTION = YES;
				GCC_WARN_UNUSED_VARIABLE = YES;
				IPHONEOS_DEPLOYMENT_TARGET = 12.1;
				MTL_ENABLE_DEBUG_INFO = NO;
				MTL_FAST_MATH = YES;
				SDKROOT = iphoneos;
				SWIFT_COMPILATION_MODE = wholemodule;
				SWIFT_OPTIMIZATION_LEVEL = "-O";
				VALIDATE_PRODUCT = YES;
			};
			name = Release;
		};
		36EF8A9321F665DD0000F473 /* Debug */ = {
			isa = XCBuildConfiguration;
			baseConfigurationReference = 06276BCDA4FD120D09C6AE9A /* Pods-DCDawgs.debug.xcconfig */;
			buildSettings = {
				ASSETCATALOG_COMPILER_APPICON_NAME = AppIcon;
				CODE_SIGN_STYLE = Automatic;
				DEVELOPMENT_TEAM = 6EQCFZ562R;
				INFOPLIST_FILE = DCDawgs/Info.plist;
				LD_RUNPATH_SEARCH_PATHS = (
					"$(inherited)",
					"@executable_path/Frameworks",
				);
				PRODUCT_BUNDLE_IDENTIFIER = com.isaacbenham.DCDawgs;
				PRODUCT_NAME = "$(TARGET_NAME)";
				SWIFT_VERSION = 4.2;
				TARGETED_DEVICE_FAMILY = "1,2";
			};
			name = Debug;
		};
		36EF8A9421F665DD0000F473 /* Release */ = {
			isa = XCBuildConfiguration;
			baseConfigurationReference = 3B8437C6912CEA84EEA319AA /* Pods-DCDawgs.release.xcconfig */;
			buildSettings = {
				ASSETCATALOG_COMPILER_APPICON_NAME = AppIcon;
				CODE_SIGN_STYLE = Automatic;
				DEVELOPMENT_TEAM = 6EQCFZ562R;
				INFOPLIST_FILE = DCDawgs/Info.plist;
				LD_RUNPATH_SEARCH_PATHS = (
					"$(inherited)",
					"@executable_path/Frameworks",
				);
				PRODUCT_BUNDLE_IDENTIFIER = com.isaacbenham.DCDawgs;
				PRODUCT_NAME = "$(TARGET_NAME)";
				SWIFT_VERSION = 4.2;
				TARGETED_DEVICE_FAMILY = "1,2";
			};
			name = Release;
		};
/* End XCBuildConfiguration section */

/* Begin XCConfigurationList section */
		36EF8A7B21F665D60000F473 /* Build configuration list for PBXProject "DCDawgs" */ = {
			isa = XCConfigurationList;
			buildConfigurations = (
				36EF8A9021F665DD0000F473 /* Debug */,
				36EF8A9121F665DD0000F473 /* Release */,
			);
			defaultConfigurationIsVisible = 0;
			defaultConfigurationName = Release;
		};
		36EF8A9221F665DD0000F473 /* Build configuration list for PBXNativeTarget "DCDawgs" */ = {
			isa = XCConfigurationList;
			buildConfigurations = (
				36EF8A9321F665DD0000F473 /* Debug */,
				36EF8A9421F665DD0000F473 /* Release */,
			);
			defaultConfigurationIsVisible = 0;
			defaultConfigurationName = Release;
		};
/* End XCConfigurationList section */
	};
	rootObject = 36EF8A7821F665D60000F473 /* Project object */;
}
